
Microsoft Visual Studio Solution File, Format Version 12.00
# Visual Studio Version 17
VisualStudioVersion = 17.14.36310.24
MinimumVisualStudioVersion = 10.0.40219.1
Project("{FAE04EC0-301F-11D3-BF4B-00C04F79EFBC}") = "DDD.WinForm", "DDD.WinForm\DDD.WinForm.csproj", "{736AABD3-5835-40CC-89E3-87B41A4848C7}"
	ProjectSection(ProjectDependencies) = postProject
		{674C809B-9F88-4B70-8BEA-86205C666507} = {674C809B-9F88-4B70-8BEA-86205C666507}
		{AFE51AC7-AFEF-4813-BC53-0C0432332D3A} = {AFE51AC7-AFEF-4813-BC53-0C0432332D3A}
	EndProjectSection
EndProject
Project("{FAE04EC0-301F-11D3-BF4B-00C04F79EFBC}") = "DDD.Infrastructure", "DDD.Infrastructure\DDD.Infrastructure.csproj", "{674C809B-9F88-4B70-8BEA-86205C666507}"
	ProjectSection(ProjectDependencies) = postProject
		{AFE51AC7-AFEF-4813-BC53-0C0432332D3A} = {AFE51AC7-AFEF-4813-BC53-0C0432332D3A}
	EndProjectSection
EndProject
Project("{FAE04EC0-301F-11D3-BF4B-00C04F79EFBC}") = "DDD.Domain", "DDD.Domain\DDD.Domain.csproj", "{AFE51AC7-AFEF-4813-BC53-0C0432332D3A}"
EndProject
Project("{FAE04EC0-301F-11D3-BF4B-00C04F79EFBC}") = "DDDTest.Tests", "DDDTest.Tests\DDDTest.Tests.csproj", "{DE754879-B184-480D-86FD-B7D3F5415CD5}"
EndProject
Global
	GlobalSection(SolutionConfigurationPlatforms) = preSolution
		Debug|Any CPU = Debug|Any CPU
		Debug|ARM = Debug|ARM
		Debug|ARM64 = Debug|ARM64
		Debug|x64 = Debug|x64
		Debug|x86 = Debug|x86
		Release|Any CPU = Release|Any CPU
		Release|ARM = Release|ARM
		Release|ARM64 = Release|ARM64
		Release|x64 = Release|x64
		Release|x86 = Release|x86
	EndGlobalSection
	GlobalSection(ProjectConfigurationPlatforms) = postSolution
		{736AABD3-5835-40CC-89E3-87B41A4848C7}.Debug|Any CPU.ActiveCfg = Debug|Any CPU
		{736AABD3-5835-40CC-89E3-87B41A4848C7}.Debug|Any CPU.Build.0 = Debug|Any CPU
		{736AABD3-5835-40CC-89E3-87B41A4848C7}.Debug|ARM.ActiveCfg = Debug|Any CPU
		{736AABD3-5835-40CC-89E3-87B41A4848C7}.Debug|ARM.Build.0 = Debug|Any CPU
		{736AABD3-5835-40CC-89E3-87B41A4848C7}.Debug|ARM64.ActiveCfg = Debug|Any CPU
		{736AABD3-5835-40CC-89E3-87B41A4848C7}.Debug|ARM64.Build.0 = Debug|Any CPU
		{736AABD3-5835-40CC-89E3-87B41A4848C7}.Debug|x64.ActiveCfg = Debug|Any CPU
		{736AABD3-5835-40CC-89E3-87B41A4848C7}.Debug|x64.Build.0 = Debug|Any CPU
		{736AABD3-5835-40CC-89E3-87B41A4848C7}.Debug|x86.ActiveCfg = Debug|Any CPU
		{736AABD3-5835-40CC-89E3-87B41A4848C7}.Debug|x86.Build.0 = Debug|Any CPU
		{736AABD3-5835-40CC-89E3-87B41A4848C7}.Release|Any CPU.ActiveCfg = Release|Any CPU
		{736AABD3-5835-40CC-89E3-87B41A4848C7}.Release|Any CPU.Build.0 = Release|Any CPU
		{736AABD3-5835-40CC-89E3-87B41A4848C7}.Release|ARM.ActiveCfg = Release|Any CPU
		{736AABD3-5835-40CC-89E3-87B41A4848C7}.Release|ARM.Build.0 = Release|Any CPU
		{736AABD3-5835-40CC-89E3-87B41A4848C7}.Release|ARM64.ActiveCfg = Release|Any CPU
		{736AABD3-5835-40CC-89E3-87B41A4848C7}.Release|ARM64.Build.0 = Release|Any CPU
		{736AABD3-5835-40CC-89E3-87B41A4848C7}.Release|x64.ActiveCfg = Release|Any CPU
		{736AABD3-5835-40CC-89E3-87B41A4848C7}.Release|x64.Build.0 = Release|Any CPU
		{736AABD3-5835-40CC-89E3-87B41A4848C7}.Release|x86.ActiveCfg = Release|Any CPU
		{736AABD3-5835-40CC-89E3-87B41A4848C7}.Release|x86.Build.0 = Release|Any CPU
		{674C809B-9F88-4B70-8BEA-86205C666507}.Debug|Any CPU.ActiveCfg = Debug|Any CPU
		{674C809B-9F88-4B70-8BEA-86205C666507}.Debug|Any CPU.Build.0 = Debug|Any CPU
		{674C809B-9F88-4B70-8BEA-86205C666507}.Debug|ARM.ActiveCfg = Debug|Any CPU
		{674C809B-9F88-4B70-8BEA-86205C666507}.Debug|ARM.Build.0 = Debug|Any CPU
		{674C809B-9F88-4B70-8BEA-86205C666507}.Debug|ARM64.ActiveCfg = Debug|Any CPU
		{674C809B-9F88-4B70-8BEA-86205C666507}.Debug|ARM64.Build.0 = Debug|Any CPU
		{674C809B-9F88-4B70-8BEA-86205C666507}.Debug|x64.ActiveCfg = Debug|Any CPU
		{674C809B-9F88-4B70-8BEA-86205C666507}.Debug|x64.Build.0 = Debug|Any CPU
		{674C809B-9F88-4B70-8BEA-86205C666507}.Debug|x86.ActiveCfg = Debug|Any CPU
		{674C809B-9F88-4B70-8BEA-86205C666507}.Debug|x86.Build.0 = Debug|Any CPU
		{674C809B-9F88-4B70-8BEA-86205C666507}.Release|Any CPU.ActiveCfg = Release|Any CPU
		{674C809B-9F88-4B70-8BEA-86205C666507}.Release|Any CPU.Build.0 = Release|Any CPU
		{674C809B-9F88-4B70-8BEA-86205C666507}.Release|ARM.ActiveCfg = Release|Any CPU
		{674C809B-9F88-4B70-8BEA-86205C666507}.Release|ARM.Build.0 = Release|Any CPU
		{674C809B-9F88-4B70-8BEA-86205C666507}.Release|ARM64.ActiveCfg = Release|Any CPU
		{674C809B-9F88-4B70-8BEA-86205C666507}.Release|ARM64.Build.0 = Release|Any CPU
		{674C809B-9F88-4B70-8BEA-86205C666507}.Release|x64.ActiveCfg = Release|Any CPU
		{674C809B-9F88-4B70-8BEA-86205C666507}.Release|x64.Build.0 = Release|Any CPU
		{674C809B-9F88-4B70-8BEA-86205C666507}.Release|x86.ActiveCfg = Release|Any CPU
		{674C809B-9F88-4B70-8BEA-86205C666507}.Release|x86.Build.0 = Release|Any CPU
		{AFE51AC7-AFEF-4813-BC53-0C0432332D3A}.Debug|Any CPU.ActiveCfg = Debug|Any CPU
		{AFE51AC7-AFEF-4813-BC53-0C0432332D3A}.Debug|Any CPU.Build.0 = Debug|Any CPU
		{AFE51AC7-AFEF-4813-BC53-0C0432332D3A}.Debug|ARM.ActiveCfg = Debug|Any CPU
		{AFE51AC7-AFEF-4813-BC53-0C0432332D3A}.Debug|ARM.Build.0 = Debug|Any CPU
		{AFE51AC7-AFEF-4813-BC53-0C0432332D3A}.Debug|ARM64.ActiveCfg = Debug|Any CPU
		{AFE51AC7-AFEF-4813-BC53-0C0432332D3A}.Debug|ARM64.Build.0 = Debug|Any CPU
		{AFE51AC7-AFEF-4813-BC53-0C0432332D3A}.Debug|x64.ActiveCfg = Debug|Any CPU
		{AFE51AC7-AFEF-4813-BC53-0C0432332D3A}.Debug|x64.Build.0 = Debug|Any CPU
		{AFE51AC7-AFEF-4813-BC53-0C0432332D3A}.Debug|x86.ActiveCfg = Debug|Any CPU
		{AFE51AC7-AFEF-4813-BC53-0C0432332D3A}.Debug|x86.Build.0 = Debug|Any CPU
		{AFE51AC7-AFEF-4813-BC53-0C0432332D3A}.Release|Any CPU.ActiveCfg = Release|Any CPU
		{AFE51AC7-AFEF-4813-BC53-0C0432332D3A}.Release|Any CPU.Build.0 = Release|Any CPU
		{AFE51AC7-AFEF-4813-BC53-0C0432332D3A}.Release|ARM.ActiveCfg = Release|Any CPU
		{AFE51AC7-AFEF-4813-BC53-0C0432332D3A}.Release|ARM.Build.0 = Release|Any CPU
		{AFE51AC7-AFEF-4813-BC53-0C0432332D3A}.Release|ARM64.ActiveCfg = Release|Any CPU
		{AFE51AC7-AFEF-4813-BC53-0C0432332D3A}.Release|ARM64.Build.0 = Release|Any CPU
		{AFE51AC7-AFEF-4813-BC53-0C0432332D3A}.Release|x64.ActiveCfg = Release|Any CPU
		{AFE51AC7-AFEF-4813-BC53-0C0432332D3A}.Release|x64.Build.0 = Release|Any CPU
		{AFE51AC7-AFEF-4813-BC53-0C0432332D3A}.Release|x86.ActiveCfg = Release|Any CPU
		{AFE51AC7-AFEF-4813-BC53-0C0432332D3A}.Release|x86.Build.0 = Release|Any CPU
		{DE754879-B184-480D-86FD-B7D3F5415CD5}.Debug|Any CPU.ActiveCfg = Debug|Any CPU
		{DE754879-B184-480D-86FD-B7D3F5415CD5}.Debug|Any CPU.Build.0 = Debug|Any CPU
		{DE754879-B184-480D-86FD-B7D3F5415CD5}.Debug|ARM.ActiveCfg = Debug|Any CPU
		{DE754879-B184-480D-86FD-B7D3F5415CD5}.Debug|ARM.Build.0 = Debug|Any CPU
		{DE754879-B184-480D-86FD-B7D3F5415CD5}.Debug|ARM64.ActiveCfg = Debug|Any CPU
		{DE754879-B184-480D-86FD-B7D3F5415CD5}.Debug|ARM64.Build.0 = Debug|Any CPU
		{DE754879-B184-480D-86FD-B7D3F5415CD5}.Debug|x64.ActiveCfg = Debug|Any CPU
		{DE754879-B184-480D-86FD-B7D3F5415CD5}.Debug|x64.Build.0 = Debug|Any CPU
		{DE754879-B184-480D-86FD-B7D3F5415CD5}.Debug|x86.ActiveCfg = Debug|Any CPU
		{DE754879-B184-480D-86FD-B7D3F5415CD5}.Debug|x86.Build.0 = Debug|Any CPU
		{DE754879-B184-480D-86FD-B7D3F5415CD5}.Release|Any CPU.ActiveCfg = Release|Any CPU
		{DE754879-B184-480D-86FD-B7D3F5415CD5}.Release|Any CPU.Build.0 = Release|Any CPU
		{DE754879-B184-480D-86FD-B7D3F5415CD5}.Release|ARM.ActiveCfg = Release|Any CPU
		{DE754879-B184-480D-86FD-B7D3F5415CD5}.Release|ARM.Build.0 = Release|Any CPU
		{DE754879-B184-480D-86FD-B7D3F5415CD5}.Release|ARM64.ActiveCfg = Release|Any CPU
		{DE754879-B184-480D-86FD-B7D3F5415CD5}.Release|ARM64.Build.0 = Release|Any CPU
		{DE754879-B184-480D-86FD-B7D3F5415CD5}.Release|x64.ActiveCfg = Release|Any CPU
		{DE754879-B184-480D-86FD-B7D3F5415CD5}.Release|x64.Build.0 = Release|Any CPU
		{DE754879-B184-480D-86FD-B7D3F5415CD5}.Release|x86.ActiveCfg = Release|Any CPU
		{DE754879-B184-480D-86FD-B7D3F5415CD5}.Release|x86.Build.0 = Release|Any CPU
	EndGlobalSection
	GlobalSection(SolutionProperties) = preSolution
		HideSolutionNode = FALSE
	EndGlobalSection
	GlobalSection(ExtensibilityGlobals) = postSolution
		SolutionGuid = {64A56043-4E00-4D13-9800-FB468083805C}
	EndGlobalSection
EndGlobal
